// !$*UTF8*$!
{
	archiveVersion = 1;
	classes = {
	};
	objectVersion = 46;
	objects = {

/* Begin PBXBuildFile section */
		982E82D71C46E1260005C9AD /* AppDelegate.swift in Sources */ = {isa = PBXBuildFile; fileRef = 982E82D61C46E1260005C9AD /* AppDelegate.swift */; };
		982E82DC1C46E1260005C9AD /* Main.storyboard in Resources */ = {isa = PBXBuildFile; fileRef = 982E82DA1C46E1260005C9AD /* Main.storyboard */; };
		982E82DE1C46E1260005C9AD /* Assets.xcassets in Resources */ = {isa = PBXBuildFile; fileRef = 982E82DD1C46E1260005C9AD /* Assets.xcassets */; };
		982E82E11C46E1260005C9AD /* LaunchScreen.storyboard in Resources */ = {isa = PBXBuildFile; fileRef = 982E82DF1C46E1260005C9AD /* LaunchScreen.storyboard */; };
		982E82E91C46E4B70005C9AD /* CollectionViewController.swift in Sources */ = {isa = PBXBuildFile; fileRef = 982E82E81C46E4B70005C9AD /* CollectionViewController.swift */; };
		982E82EB1C46E8300005C9AD /* CollectionViewCell.swift in Sources */ = {isa = PBXBuildFile; fileRef = 982E82EA1C46E8300005C9AD /* CollectionViewCell.swift */; };
		982E82ED1C46F3620005C9AD /* CarouselCellView.xib in Resources */ = {isa = PBXBuildFile; fileRef = 982E82EC1C46F3620005C9AD /* CarouselCellView.xib */; };
/* End PBXBuildFile section */

/* Begin PBXFileReference section */
		982E82D31C46E1260005C9AD /* Carousel.app */ = {isa = PBXFileReference; explicitFileType = wrapper.application; includeInIndex = 0; path = Carousel.app; sourceTree = BUILT_PRODUCTS_DIR; };
		982E82D61C46E1260005C9AD /* AppDelegate.swift */ = {isa = PBXFileReference; lastKnownFileType = sourcecode.swift; path = AppDelegate.swift; sourceTree = "<group>"; };
		982E82DB1C46E1260005C9AD /* Base */ = {isa = PBXFileReference; lastKnownFileType = file.storyboard; name = Base; path = Base.lproj/Main.storyboard; sourceTree = "<group>"; };
		982E82DD1C46E1260005C9AD /* Assets.xcassets */ = {isa = PBXFileReference; lastKnownFileType = folder.assetcatalog; path = Assets.xcassets; sourceTree = "<group>"; };
		982E82E01C46E1260005C9AD /* Base */ = {isa = PBXFileReference; lastKnownFileType = file.storyboard; name = Base; path = Base.lproj/LaunchScreen.storyboard; sourceTree = "<group>"; };
		982E82E21C46E1260005C9AD /* Info.plist */ = {isa = PBXFileReference; lastKnownFileType = text.plist.xml; path = Info.plist; sourceTree = "<group>"; };
		982E82E81C46E4B70005C9AD /* CollectionViewController.swift */ = {isa = PBXFileReference; fileEncoding = 4; lastKnownFileType = sourcecode.swift; path = CollectionViewController.swift; sourceTree = "<group>"; };
		982E82EA1C46E8300005C9AD /* CollectionViewCell.swift */ = {isa = PBXFileReference; fileEncoding = 4; lastKnownFileType = sourcecode.swift; path = CollectionViewCell.swift; sourceTree = "<group>"; };
		982E82EC1C46F3620005C9AD /* CarouselCellView.xib */ = {isa = PBXFileReference; fileEncoding = 4; lastKnownFileType = file.xib; path = CarouselCellView.xib; sourceTree = "<group>"; };
/* End PBXFileReference section */

/* Begin PBXFrameworksBuildPhase section */
		982E82D01C46E1260005C9AD /* Frameworks */ = {
			isa = PBXFrameworksBuildPhase;
			buildActionMask = 2147483647;
			files = (
			);
			runOnlyForDeploymentPostprocessing = 0;
		};
/* End PBXFrameworksBuildPhase section */

/* Begin PBXGroup section */
		982E82CA1C46E1260005C9AD = {
			isa = PBXGroup;
			children = (
				982E82D51C46E1260005C9AD /* Carousel */,
				982E82D41C46E1260005C9AD /* Products */,
			);
			sourceTree = "<group>";
		};
		982E82D41C46E1260005C9AD /* Products */ = {
			isa = PBXGroup;
			children = (
				982E82D31C46E1260005C9AD /* Carousel.app */,
			);
			name = Products;
			sourceTree = "<group>";
		};
		982E82D51C46E1260005C9AD /* Carousel */ = {
			isa = PBXGroup;
			children = (
				982E82D61C46E1260005C9AD /* AppDelegate.swift */,
				982E82E81C46E4B70005C9AD /* CollectionViewController.swift */,
				982E82EA1C46E8300005C9AD /* CollectionViewCell.swift */,
				982E82EC1C46F3620005C9AD /* CarouselCellView.xib */,
				982E82DA1C46E1260005C9AD /* Main.storyboard */,
				982E82DD1C46E1260005C9AD /* Assets.xcassets */,
				982E82DF1C46E1260005C9AD /* LaunchScreen.storyboard */,
				982E82E21C46E1260005C9AD /* Info.plist */,
			);
			path = Carousel;
			sourceTree = "<group>";
		};
/* End PBXGroup section */

/* Begin PBXNativeTarget section */
		982E82D21C46E1260005C9AD /* Carousel */ = {
			isa = PBXNativeTarget;
			buildConfigurationList = 982E82E51C46E1260005C9AD /* Build configuration list for PBXNativeTarget "Carousel" */;
			buildPhases = (
				982E82CF1C46E1260005C9AD /* Sources */,
				982E82D01C46E1260005C9AD /* Frameworks */,
				982E82D11C46E1260005C9AD /* Resources */,
			);
			buildRules = (
			);
			dependencies = (
			);
			name = Carousel;
			productName = Carousel;
			productReference = 982E82D31C46E1260005C9AD /* Carousel.app */;
			productType = "com.apple.product-type.application";
		};
/* End PBXNativeTarget section */

/* Begin PBXProject section */
		982E82CB1C46E1260005C9AD /* Project object */ = {
			isa = PBXProject;
			attributes = {
				LastSwiftUpdateCheck = 0720;
				LastUpgradeCheck = 0720;
				ORGANIZATIONNAME = BeckProduct;
				TargetAttributes = {
					982E82D21C46E1260005C9AD = {
						CreatedOnToolsVersion = 7.2;
					};
				};
			};
			buildConfigurationList = 982E82CE1C46E1260005C9AD /* Build configuration list for PBXProject "Carousel" */;
			compatibilityVersion = "Xcode 3.2";
			developmentRegion = English;
			hasScannedForEncodings = 0;
			knownRegions = (
				en,
				Base,
			);
			mainGroup = 982E82CA1C46E1260005C9AD;
			productRefGroup = 982E82D41C46E1260005C9AD /* Products */;
			projectDirPath = "";
			projectRoot = "";
			targets = (
				982E82D21C46E1260005C9AD /* Carousel */,
			);
		};
/* End PBXProject section */

/* Begin PBXResourcesBuildPhase section */
		982E82D11C46E1260005C9AD /* Resources */ = {
			isa = PBXResourcesBuildPhase;
			buildActionMask = 2147483647;
			files = (
				982E82E11C46E1260005C9AD /* LaunchScreen.storyboard in Resources */,
				982E82DE1C46E1260005C9AD /* Assets.xcassets in Resources */,
				982E82ED1C46F3620005C9AD /* CarouselCellView.xib in Resources */,
				982E82DC1C46E1260005C9AD /* Main.storyboard in Resources */,
			);
			runOnlyForDeploymentPostprocessing = 0;
		};
/* End PBXResourcesBuildPhase section */

/* Begin PBXSourcesBuildPhase section */
		982E82CF1C46E1260005C9AD /* Sources */ = {
			isa = PBXSourcesBuildPhase;
			buildActionMask = 2147483647;
			files = (
				982E82E91C46E4B70005C9AD /* CollectionViewController.swift in Sources */,
				982E82D71C46E1260005C9AD /* AppDelegate.swift in Sources */,
				982E82EB1C46E8300005C9AD /* CollectionViewCell.swift in Sources */,
			);
			runOnlyForDeploymentPostprocessing = 0;
		};
/* End PBXSourcesBuildPhase section */

/* Begin PBXVariantGroup section */
		982E82DA1C46E1260005C9AD /* Main.storyboard */ = {
			isa = PBXVariantGroup;
			children = (
				982E82DB1C46E1260005C9AD /* Base */,
			);
			name = Main.storyboard;
			sourceTree = "<group>";
		};
		982E82DF1C46E1260005C9AD /* LaunchScreen.storyboard */ = {
			isa = PBXVariantGroup;
			children = (
				982E82E01C46E1260005C9AD /* Base */,
			);
			name = LaunchScreen.storyboard;
			sourceTree = "<group>";
		};
/* End PBXVariantGroup section */

/* Begin XCBuildConfiguration section */
		982E82E31C46E1260005C9AD /* Debug */ = {
			isa = XCBuildConfiguration;
			buildSettings = {
				ALWAYS_SEARCH_USER_PATHS = NO;
				CLANG_CXX_LANGUAGE_STANDARD = "gnu++0x";
				CLANG_CXX_LIBRARY = "libc++";
				CLANG_ENABLE_MODULES = YES;
				CLANG_ENABLE_OBJC_ARC = YES;
				CLANG_WARN_BOOL_CONVERSION = YES;
				CLANG_WARN_CONSTANT_CONVERSION = YES;
				CLANG_WARN_DIRECT_OBJC_ISA_USAGE = YES_ERROR;
				CLANG_WARN_EMPTY_BODY = YES;
				CLANG_WARN_ENUM_CONVERSION = YES;
				CLANG_WARN_INT_CONVERSION = YES;
				CLANG_WARN_OBJC_ROOT_CLASS = YES_ERROR;
				CLANG_WARN_UNREACHABLE_CODE = YES;
				CLANG_WARN__DUPLICATE_METHOD_MATCH = YES;
				"CODE_SIGN_IDENTITY[sdk=iphoneos*]" = "iPhone Developer";
				COPY_PHASE_STRIP = NO;
				DEBUG_INFORMATION_FORMAT = dwarf;
				ENABLE_STRICT_OBJC_MSGSEND = YES;
				ENABLE_TESTABILITY = YES;
				GCC_C_LANGUAGE_STANDARD = gnu99;
				GCC_DYNAMIC_NO_PIC = NO;
				GCC_NO_COMMON_BLOCKS = YES;
				GCC_OPTIMIZATION_LEVEL = 0;
				GCC_PREPROCESSOR_DEFINITIONS = (
					"DEBUG=1",
					"$(inherited)",
				);
				GCC_WARN_64_TO_32_BIT_CONVERSION = YES;
				GCC_WARN_ABOUT_RETURN_TYPE = YES_ERROR;
				GCC_WARN_UNDECLARED_SELECTOR = YES;
				GCC_WARN_UNINITIALIZED_AUTOS = YES_AGGRESSIVE;
				GCC_WARN_UNUSED_FUNCTION = YES;
				GCC_WARN_UNUSED_VARIABLE = YES;
				IPHONEOS_DEPLOYMENT_TARGET = 9.2;
				MTL_ENABLE_DEBUG_INFO = YES;
				ONLY_ACTIVE_ARCH = YES;
				SDKROOT = iphoneos;
				SWIFT_OPTIMIZATION_LEVEL = "-Onone";
			};
			name = Debug;
		};
		982E82E41C46E1260005C9AD /* Release */ = {
			isa = XCBuildConfiguration;
			buildSettings = {
				ALWAYS_SEARCH_USER_PATHS = NO;
				CLANG_CXX_LANGUAGE_STANDARD = "gnu++0x";
				CLANG_CXX_LIBRARY = "libc++";
				CLANG_ENABLE_MODULES = YES;
				CLANG_ENABLE_OBJC_ARC = YES;
				CLANG_WARN_BOOL_CONVERSION = YES;
				CLANG_WARN_CONSTANT_CONVERSION = YES;
				CLANG_WARN_DIRECT_OBJC_ISA_USAGE = YES_ERROR;
				CLANG_WARN_EMPTY_BODY = YES;
				CLANG_WARN_ENUM_CONVERSION = YES;
				CLANG_WARN_INT_CONVERSION = YES;
				CLANG_WARN_OBJC_ROOT_CLASS = YES_ERROR;
				CLANG_WARN_UNREACHABLE_CODE = YES;
				CLANG_WARN__DUPLICATE_METHOD_MATCH = YES;
				"CODE_SIGN_IDENTITY[sdk=iphoneos*]" = "iPhone Developer";
				COPY_PHASE_STRIP = NO;
				DEBUG_INFORMATION_FORMAT = "dwarf-with-dsym";
				ENABLE_NS_ASSERTIONS = NO;
				ENABLE_STRICT_OBJC_MSGSEND = YES;
				GCC_C_LANGUAGE_STANDARD = gnu99;
				GCC_NO_COMMON_BLOCKS = YES;
				GCC_WARN_64_TO_32_BIT_CONVERSION = YES;
				GCC_WARN_ABOUT_RETURN_TYPE = YES_ERROR;
				GCC_WARN_UNDECLARED_SELECTOR = YES;
				GCC_WARN_UNINITIALIZED_AUTOS = YES_AGGRESSIVE;
				GCC_WARN_UNUSED_FUNCTION = YES;
				GCC_WARN_UNUSED_VARIABLE = YES;
				IPHONEOS_DEPLOYMENT_TARGET = 9.2;
				MTL_ENABLE_DEBUG_INFO = NO;
				SDKROOT = iphoneos;
				VALIDATE_PRODUCT = YES;
			};
			name = Release;
		};
		982E82E61C46E1260005C9AD /* Debug */ = {
			isa = XCBuildConfiguration;
			buildSettings = {
				ASSETCATALOG_COMPILER_APPICON_NAME = AppIcon;
				INFOPLIST_FILE = Carousel/Info.plist;
				LD_RUNPATH_SEARCH_PATHS = "$(inherited) @executable_path/Frameworks";
				PRODUCT_BUNDLE_IDENTIFIER = com.beckproduct.Carousel;
				PRODUCT_NAME = "$(TARGET_NAME)";
			};
			name = Debug;
		};
		982E82E71C46E1260005C9AD /* Release */ = {
			isa = XCBuildConfiguration;
			buildSettings = {
				ASSETCATALOG_COMPILER_APPICON_NAME = AppIcon;
				INFOPLIST_FILE = Carousel/Info.plist;
				LD_RUNPATH_SEARCH_PATHS = "$(inherited) @executable_path/Frameworks";
				PRODUCT_BUNDLE_IDENTIFIER = com.beckproduct.Carousel;
				PRODUCT_NAME = "$(TARGET_NAME)";
			};
			name = Release;
		};
/* End XCBuildConfiguration section */

/* Begin XCConfigurationList section */
		982E82CE1C46E1260005C9AD /* Build configuration list for PBXProject "Carousel" */ = {
			isa = XCConfigurationList;
			buildConfigurations = (
				982E82E31C46E1260005C9AD /* Debug */,
				982E82E41C46E1260005C9AD /* Release */,
			);
			defaultConfigurationIsVisible = 0;
			defaultConfigurationName = Release;
		};
		982E82E51C46E1260005C9AD /* Build configuration list for PBXNativeTarget "Carousel" */ = {
			isa = XCConfigurationList;
			buildConfigurations = (
				982E82E61C46E1260005C9AD /* Debug */,
				982E82E71C46E1260005C9AD /* Release */,
			);
			defaultConfigurationIsVisible = 0;
		};
/* End XCConfigurationList section */
	};
	rootObject = 982E82CB1C46E1260005C9AD /* Project object */;
}
